// !$*UTF8*$!
{
	archiveVersion = 1;
	classes = {
	};
	objectVersion = 77;
	objects = {

/* Begin PBXContainerItemProxy section */
		BB45504C2E2FDBAC006F0700 /* PBXContainerItemProxy */ = {
			isa = PBXContainerItemProxy;
			containerPortal = BB4550362E2FDBAB006F0700 /* Project object */;
			proxyType = 1;
			remoteGlobalIDString = BB45503D2E2FDBAB006F0700;
			remoteInfo = Applyou;
		};
		BB4550562E2FDBAC006F0700 /* PBXContainerItemProxy */ = {
			isa = PBXContainerItemProxy;
			containerPortal = BB4550362E2FDBAB006F0700 /* Project object */;
			proxyType = 1;
			remoteGlobalIDString = BB45503D2E2FDBAB006F0700;
			remoteInfo = Applyou;
		};
/* End PBXContainerItemProxy section */

/* Begin PBXFileReference section */
		BB45503E2E2FDBAB006F0700 /* Applyou.app */ = {isa = PBXFileReference; explicitFileType = wrapper.application; includeInIndex = 0; path = Applyou.app; sourceTree = BUILT_PRODUCTS_DIR; };
		BB45504B2E2FDBAC006F0700 /* ApplyouTests.xctest */ = {isa = PBXFileReference; explicitFileType = wrapper.cfbundle; includeInIndex = 0; path = ApplyouTests.xctest; sourceTree = BUILT_PRODUCTS_DIR; };
		BB4550552E2FDBAC006F0700 /* ApplyouUITests.xctest */ = {isa = PBXFileReference; explicitFileType = wrapper.cfbundle; includeInIndex = 0; path = ApplyouUITests.xctest; sourceTree = BUILT_PRODUCTS_DIR; };
/* End PBXFileReference section */

/* Begin PBXFileSystemSynchronizedRootGroup section */
		BB4550402E2FDBAB006F0700 /* Applyou */ = {
			isa = PBXFileSystemSynchronizedRootGroup;
			path = Applyou;
			sourceTree = "<group>";
		};
		BB45504E2E2FDBAC006F0700 /* ApplyouTests */ = {
			isa = PBXFileSystemSynchronizedRootGroup;
			path = ApplyouTests;
			sourceTree = "<group>";
		};
		BB4550582E2FDBAC006F0700 /* ApplyouUITests */ = {
			isa = PBXFileSystemSynchronizedRootGroup;
			path = ApplyouUITests;
			sourceTree = "<group>";
		};
/* End PBXFileSystemSynchronizedRootGroup section */

/* Begin PBXFrameworksBuildPhase section */
		BB45503B2E2FDBAB006F0700 /* Frameworks */ = {
			isa = PBXFrameworksBuildPhase;
			buildActionMask = 2147483647;
			files = (
			);
			runOnlyForDeploymentPostprocessing = 0;
		};
		BB4550482E2FDBAC006F0700 /* Frameworks */ = {
			isa = PBXFrameworksBuildPhase;
			buildActionMask = 2147483647;
			files = (
			);
			runOnlyForDeploymentPostprocessing = 0;
		};
		BB4550522E2FDBAC006F0700 /* Frameworks */ = {
			isa = PBXFrameworksBuildPhase;
			buildActionMask = 2147483647;
			files = (
			);
			runOnlyForDeploymentPostprocessing = 0;
		};
/* End PBXFrameworksBuildPhase section */

/* Begin PBXGroup section */
		BB4550352E2FDBAB006F0700 = {
			isa = PBXGroup;
			children = (
				BB4550402E2FDBAB006F0700 /* Applyou */,
				BB45504E2E2FDBAC006F0700 /* ApplyouTests */,
				BB4550582E2FDBAC006F0700 /* ApplyouUITests */,
				BB45503F2E2FDBAB006F0700 /* Products */,
			);
			sourceTree = "<group>";
		};
		BB45503F2E2FDBAB006F0700 /* Products */ = {
			isa = PBXGroup;
			children = (
				BB45503E2E2FDBAB006F0700 /* Applyou.app */,
				BB45504B2E2FDBAC006F0700 /* ApplyouTests.xctest */,
				BB4550552E2FDBAC006F0700 /* ApplyouUITests.xctest */,
			);
			name = Products;
			sourceTree = "<group>";
		};
/* End PBXGroup section */

/* Begin PBXNativeTarget section */
		BB45503D2E2FDBAB006F0700 /* Applyou */ = {
			isa = PBXNativeTarget;
			buildConfigurationList = BB45505F2E2FDBAC006F0700 /* Build configuration list for PBXNativeTarget "Applyou" */;
			buildPhases = (
				BB45503A2E2FDBAB006F0700 /* Sources */,
				BB45503B2E2FDBAB006F0700 /* Frameworks */,
				BB45503C2E2FDBAB006F0700 /* Resources */,
			);
			buildRules = (
			);
			dependencies = (
			);
			fileSystemSynchronizedGroups = (
				BB4550402E2FDBAB006F0700 /* Applyou */,
			);
			name = Applyou;
			packageProductDependencies = (
			);
			productName = Applyou;
			productReference = BB45503E2E2FDBAB006F0700 /* Applyou.app */;
			productType = "com.apple.product-type.application";
		};
		BB45504A2E2FDBAC006F0700 /* ApplyouTests */ = {
			isa = PBXNativeTarget;
			buildConfigurationList = BB4550622E2FDBAC006F0700 /* Build configuration list for PBXNativeTarget "ApplyouTests" */;
			buildPhases = (
				BB4550472E2FDBAC006F0700 /* Sources */,
				BB4550482E2FDBAC006F0700 /* Frameworks */,
				BB4550492E2FDBAC006F0700 /* Resources */,
			);
			buildRules = (
			);
			dependencies = (
				BB45504D2E2FDBAC006F0700 /* PBXTargetDependency */,
			);
			fileSystemSynchronizedGroups = (
				BB45504E2E2FDBAC006F0700 /* ApplyouTests */,
			);
			name = ApplyouTests;
			packageProductDependencies = (
			);
			productName = ApplyouTests;
			productReference = BB45504B2E2FDBAC006F0700 /* ApplyouTests.xctest */;
			productType = "com.apple.product-type.bundle.unit-test";
		};
		BB4550542E2FDBAC006F0700 /* ApplyouUITests */ = {
			isa = PBXNativeTarget;
			buildConfigurationList = BB4550652E2FDBAC006F0700 /* Build configuration list for PBXNativeTarget "ApplyouUITests" */;
			buildPhases = (
				BB4550512E2FDBAC006F0700 /* Sources */,
				BB4550522E2FDBAC006F0700 /* Frameworks */,
				BB4550532E2FDBAC006F0700 /* Resources */,
			);
			buildRules = (
			);
			dependencies = (
				BB4550572E2FDBAC006F0700 /* PBXTargetDependency */,
			);
			fileSystemSynchronizedGroups = (
				BB4550582E2FDBAC006F0700 /* ApplyouUITests */,
			);
			name = ApplyouUITests;
			packageProductDependencies = (
			);
			productName = ApplyouUITests;
			productReference = BB4550552E2FDBAC006F0700 /* ApplyouUITests.xctest */;
			productType = "com.apple.product-type.bundle.ui-testing";
		};
/* End PBXNativeTarget section */

/* Begin PBXProject section */
		BB4550362E2FDBAB006F0700 /* Project object */ = {
			isa = PBXProject;
			attributes = {
				BuildIndependentTargetsInParallel = 1;
				LastSwiftUpdateCheck = 1640;
				LastUpgradeCheck = 1640;
				TargetAttributes = {
					BB45503D2E2FDBAB006F0700 = {
						CreatedOnToolsVersion = 16.4;
					};
					BB45504A2E2FDBAC006F0700 = {
						CreatedOnToolsVersion = 16.4;
						TestTargetID = BB45503D2E2FDBAB006F0700;
					};
					BB4550542E2FDBAC006F0700 = {
						CreatedOnToolsVersion = 16.4;
						TestTargetID = BB45503D2E2FDBAB006F0700;
					};
				};
			};
			buildConfigurationList = BB4550392E2FDBAB006F0700 /* Build configuration list for PBXProject "Applyou" */;
			developmentRegion = en;
			hasScannedForEncodings = 0;
			knownRegions = (
				en,
				Base,
			);
			mainGroup = BB4550352E2FDBAB006F0700;
			minimizedProjectReferenceProxies = 1;
			preferredProjectObjectVersion = 77;
			productRefGroup = BB45503F2E2FDBAB006F0700 /* Products */;
			projectDirPath = "";
			projectRoot = "";
			targets = (
				BB45503D2E2FDBAB006F0700 /* Applyou */,
				BB45504A2E2FDBAC006F0700 /* ApplyouTests */,
				BB4550542E2FDBAC006F0700 /* ApplyouUITests */,
			);
		};
/* End PBXProject section */

/* Begin PBXResourcesBuildPhase section */
		BB45503C2E2FDBAB006F0700 /* Resources */ = {
			isa = PBXResourcesBuildPhase;
			buildActionMask = 2147483647;
			files = (
			);
			runOnlyForDeploymentPostprocessing = 0;
		};
		BB4550492E2FDBAC006F0700 /* Resources */ = {
			isa = PBXResourcesBuildPhase;
			buildActionMask = 2147483647;
			files = (
			);
			runOnlyForDeploymentPostprocessing = 0;
		};
		BB4550532E2FDBAC006F0700 /* Resources */ = {
			isa = PBXResourcesBuildPhase;
			buildActionMask = 2147483647;
			files = (
			);
			runOnlyForDeploymentPostprocessing = 0;
		};
/* End PBXResourcesBuildPhase section */

/* Begin PBXSourcesBuildPhase section */
		BB45503A2E2FDBAB006F0700 /* Sources */ = {
			isa = PBXSourcesBuildPhase;
			buildActionMask = 2147483647;
			files = (
			);
			runOnlyForDeploymentPostprocessing = 0;
		};
		BB4550472E2FDBAC006F0700 /* Sources */ = {
			isa = PBXSourcesBuildPhase;
			buildActionMask = 2147483647;
			files = (
			);
			runOnlyForDeploymentPostprocessing = 0;
		};
		BB4550512E2FDBAC006F0700 /* Sources */ = {
			isa = PBXSourcesBuildPhase;
			buildActionMask = 2147483647;
			files = (
			);
			runOnlyForDeploymentPostprocessing = 0;
		};
/* End PBXSourcesBuildPhase section */

/* Begin PBXTargetDependency section */
		BB45504D2E2FDBAC006F0700 /* PBXTargetDependency */ = {
			isa = PBXTargetDependency;
			target = BB45503D2E2FDBAB006F0700 /* Applyou */;
			targetProxy = BB45504C2E2FDBAC006F0700 /* PBXContainerItemProxy */;
		};
		BB4550572E2FDBAC006F0700 /* PBXTargetDependency */ = {
			isa = PBXTargetDependency;
			target = BB45503D2E2FDBAB006F0700 /* Applyou */;
			targetProxy = BB4550562E2FDBAC006F0700 /* PBXContainerItemProxy */;
		};
/* End PBXTargetDependency section */

/* Begin XCBuildConfiguration section */
		BB45505D2E2FDBAC006F0700 /* Debug */ = {
			isa = XCBuildConfiguration;
			buildSettings = {
				ALWAYS_SEARCH_USER_PATHS = NO;
				ASSETCATALOG_COMPILER_GENERATE_SWIFT_ASSET_SYMBOL_EXTENSIONS = YES;
				CLANG_ANALYZER_NONNULL = YES;
				CLANG_ANALYZER_NUMBER_OBJECT_CONVERSION = YES_AGGRESSIVE;
				CLANG_CXX_LANGUAGE_STANDARD = "gnu++20";
				CLANG_ENABLE_MODULES = YES;
				CLANG_ENABLE_OBJC_ARC = YES;
				CLANG_ENABLE_OBJC_WEAK = YES;
				CLANG_WARN_BLOCK_CAPTURE_AUTORELEASING = YES;
				CLANG_WARN_BOOL_CONVERSION = YES;
				CLANG_WARN_COMMA = YES;
				CLANG_WARN_CONSTANT_CONVERSION = YES;
				CLANG_WARN_DEPRECATED_OBJC_IMPLEMENTATIONS = YES;
				CLANG_WARN_DIRECT_OBJC_ISA_USAGE = YES_ERROR;
				CLANG_WARN_DOCUMENTATION_COMMENTS = YES;
				CLANG_WARN_EMPTY_BODY = YES;
				CLANG_WARN_ENUM_CONVERSION = YES;
				CLANG_WARN_INFINITE_RECURSION = YES;
				CLANG_WARN_INT_CONVERSION = YES;
				CLANG_WARN_NON_LITERAL_NULL_CONVERSION = YES;
				CLANG_WARN_OBJC_IMPLICIT_RETAIN_SELF = YES;
				CLANG_WARN_OBJC_LITERAL_CONVERSION = YES;
				CLANG_WARN_OBJC_ROOT_CLASS = YES_ERROR;
				CLANG_WARN_QUOTED_INCLUDE_IN_FRAMEWORK_HEADER = YES;
				CLANG_WARN_RANGE_LOOP_ANALYSIS = YES;
				CLANG_WARN_STRICT_PROTOTYPES = YES;
				CLANG_WARN_SUSPICIOUS_MOVE = YES;
				CLANG_WARN_UNGUARDED_AVAILABILITY = YES_AGGRESSIVE;
				CLANG_WARN_UNREACHABLE_CODE = YES;
				CLANG_WARN__DUPLICATE_METHOD_MATCH = YES;
				COPY_PHASE_STRIP = NO;
				DEBUG_INFORMATION_FORMAT = dwarf;
				ENABLE_STRICT_OBJC_MSGSEND = YES;
				ENABLE_TESTABILITY = YES;
				ENABLE_USER_SCRIPT_SANDBOXING = YES;
				GCC_C_LANGUAGE_STANDARD = gnu17;
				GCC_DYNAMIC_NO_PIC = NO;
				GCC_NO_COMMON_BLOCKS = YES;
				GCC_OPTIMIZATION_LEVEL = 0;
				GCC_PREPROCESSOR_DEFINITIONS = (
					"DEBUG=1",
					"$(inherited)",
				);
				GCC_WARN_64_TO_32_BIT_CONVERSION = YES;
				GCC_WARN_ABOUT_RETURN_TYPE = YES_ERROR;
				GCC_WARN_UNDECLARED_SELECTOR = YES;
				GCC_WARN_UNINITIALIZED_AUTOS = YES_AGGRESSIVE;
				GCC_WARN_UNUSED_FUNCTION = YES;
				GCC_WARN_UNUSED_VARIABLE = YES;
				IPHONEOS_DEPLOYMENT_TARGET = 18.5;
				LOCALIZATION_PREFERS_STRING_CATALOGS = YES;
				MTL_ENABLE_DEBUG_INFO = INCLUDE_SOURCE;
				MTL_FAST_MATH = YES;
				ONLY_ACTIVE_ARCH = YES;
				SDKROOT = iphoneos;
				SWIFT_ACTIVE_COMPILATION_CONDITIONS = "DEBUG $(inherited)";
				SWIFT_OPTIMIZATION_LEVEL = "-Onone";
			};
			name = Debug;
		};
		BB45505E2E2FDBAC006F0700 /* Release */ = {
			isa = XCBuildConfiguration;
			buildSettings = {
				ALWAYS_SEARCH_USER_PATHS = NO;
				ASSETCATALOG_COMPILER_GENERATE_SWIFT_ASSET_SYMBOL_EXTENSIONS = YES;
				CLANG_ANALYZER_NONNULL = YES;
				CLANG_ANALYZER_NUMBER_OBJECT_CONVERSION = YES_AGGRESSIVE;
				CLANG_CXX_LANGUAGE_STANDARD = "gnu++20";
				CLANG_ENABLE_MODULES = YES;
				CLANG_ENABLE_OBJC_ARC = YES;
				CLANG_ENABLE_OBJC_WEAK = YES;
				CLANG_WARN_BLOCK_CAPTURE_AUTORELEASING = YES;
				CLANG_WARN_BOOL_CONVERSION = YES;
				CLANG_WARN_COMMA = YES;
				CLANG_WARN_CONSTANT_CONVERSION = YES;
				CLANG_WARN_DEPRECATED_OBJC_IMPLEMENTATIONS = YES;
				CLANG_WARN_DIRECT_OBJC_ISA_USAGE = YES_ERROR;
				CLANG_WARN_DOCUMENTATION_COMMENTS = YES;
				CLANG_WARN_EMPTY_BODY = YES;
				CLANG_WARN_ENUM_CONVERSION = YES;
				CLANG_WARN_INFINITE_RECURSION = YES;
				CLANG_WARN_INT_CONVERSION = YES;
				CLANG_WARN_NON_LITERAL_NULL_CONVERSION = YES;
				CLANG_WARN_OBJC_IMPLICIT_RETAIN_SELF = YES;
				CLANG_WARN_OBJC_LITERAL_CONVERSION = YES;
				CLANG_WARN_OBJC_ROOT_CLASS = YES_ERROR;
				CLANG_WARN_QUOTED_INCLUDE_IN_FRAMEWORK_HEADER = YES;
				CLANG_WARN_RANGE_LOOP_ANALYSIS = YES;
				CLANG_WARN_STRICT_PROTOTYPES = YES;
				CLANG_WARN_SUSPICIOUS_MOVE = YES;
				CLANG_WARN_UNGUARDED_AVAILABILITY = YES_AGGRESSIVE;
				CLANG_WARN_UNREACHABLE_CODE = YES;
				CLANG_WARN__DUPLICATE_METHOD_MATCH = YES;
				COPY_PHASE_STRIP = NO;
				DEBUG_INFORMATION_FORMAT = "dwarf-with-dsym";
				ENABLE_NS_ASSERTIONS = NO;
				ENABLE_STRICT_OBJC_MSGSEND = YES;
				ENABLE_USER_SCRIPT_SANDBOXING = YES;
				GCC_C_LANGUAGE_STANDARD = gnu17;
				GCC_NO_COMMON_BLOCKS = YES;
				GCC_WARN_64_TO_32_BIT_CONVERSION = YES;
				GCC_WARN_ABOUT_RETURN_TYPE = YES_ERROR;
				GCC_WARN_UNDECLARED_SELECTOR = YES;
				GCC_WARN_UNINITIALIZED_AUTOS = YES_AGGRESSIVE;
				GCC_WARN_UNUSED_FUNCTION = YES;
				GCC_WARN_UNUSED_VARIABLE = YES;
				IPHONEOS_DEPLOYMENT_TARGET = 18.5;
				LOCALIZATION_PREFERS_STRING_CATALOGS = YES;
				MTL_ENABLE_DEBUG_INFO = NO;
				MTL_FAST_MATH = YES;
				SDKROOT = iphoneos;
				SWIFT_COMPILATION_MODE = wholemodule;
				VALIDATE_PRODUCT = YES;
			};
			name = Release;
		};
		BB4550602E2FDBAC006F0700 /* Debug */ = {
			isa = XCBuildConfiguration;
			buildSettings = {
				ASSETCATALOG_COMPILER_APPICON_NAME = AppIcon;
				ASSETCATALOG_COMPILER_GLOBAL_ACCENT_COLOR_NAME = AccentColor;
				CODE_SIGN_STYLE = Automatic;
				CURRENT_PROJECT_VERSION = 1;
				ENABLE_PREVIEWS = YES;
				GENERATE_INFOPLIST_FILE = YES;
				INFOPLIST_KEY_UIApplicationSceneManifest_Generation = YES;
				INFOPLIST_KEY_UIApplicationSupportsIndirectInputEvents = YES;
				INFOPLIST_KEY_UILaunchScreen_Generation = YES;
				INFOPLIST_KEY_UISupportedInterfaceOrientations_iPad = "UIInterfaceOrientationPortrait UIInterfaceOrientationPortraitUpsideDown UIInterfaceOrientationLandscapeLeft UIInterfaceOrientationLandscapeRight";
				INFOPLIST_KEY_UISupportedInterfaceOrientations_iPhone = "UIInterfaceOrientationPortrait UIInterfaceOrientationLandscapeLeft UIInterfaceOrientationLandscapeRight";
				LD_RUNPATH_SEARCH_PATHS = (
					"$(inherited)",
					"@executable_path/Frameworks",
				);
				MARKETING_VERSION = 1.0;
				PRODUCT_BUNDLE_IDENTIFIER = "-025.Applyou";
				PRODUCT_NAME = "$(TARGET_NAME)";
				SWIFT_EMIT_LOC_STRINGS = YES;
				SWIFT_VERSION = 5.0;
				TARGETED_DEVICE_FAMILY = "1,2";
			};
			name = Debug;
		};
		BB4550612E2FDBAC006F0700 /* Release */ = {
			isa = XCBuildConfiguration;
			buildSettings = {
				ASSETCATALOG_COMPILER_APPICON_NAME = AppIcon;
				ASSETCATALOG_COMPILER_GLOBAL_ACCENT_COLOR_NAME = AccentColor;
				CODE_SIGN_STYLE = Automatic;
				CURRENT_PROJECT_VERSION = 1;
				ENABLE_PREVIEWS = YES;
				GENERATE_INFOPLIST_FILE = YES;
				INFOPLIST_KEY_UIApplicationSceneManifest_Generation = YES;
				INFOPLIST_KEY_UIApplicationSupportsIndirectInputEvents = YES;
				INFOPLIST_KEY_UILaunchScreen_Generation = YES;
				INFOPLIST_KEY_UISupportedInterfaceOrientations_iPad = "UIInterfaceOrientationPortrait UIInterfaceOrientationPortraitUpsideDown UIInterfaceOrientationLandscapeLeft UIInterfaceOrientationLandscapeRight";
				INFOPLIST_KEY_UISupportedInterfaceOrientations_iPhone = "UIInterfaceOrientationPortrait UIInterfaceOrientationLandscapeLeft UIInterfaceOrientationLandscapeRight";
				LD_RUNPATH_SEARCH_PATHS = (
					"$(inherited)",
					"@executable_path/Frameworks",
				);
				MARKETING_VERSION = 1.0;
				PRODUCT_BUNDLE_IDENTIFIER = "-025.Applyou";
				PRODUCT_NAME = "$(TARGET_NAME)";
				SWIFT_EMIT_LOC_STRINGS = YES;
				SWIFT_VERSION = 5.0;
				TARGETED_DEVICE_FAMILY = "1,2";
			};
			name = Release;
		};
		BB4550632E2FDBAC006F0700 /* Debug */ = {
			isa = XCBuildConfiguration;
			buildSettings = {
				BUNDLE_LOADER = "$(TEST_HOST)";
				CODE_SIGN_STYLE = Automatic;
				CURRENT_PROJECT_VERSION = 1;
				GENERATE_INFOPLIST_FILE = YES;
				IPHONEOS_DEPLOYMENT_TARGET = 18.5;
				MARKETING_VERSION = 1.0;
				PRODUCT_BUNDLE_IDENTIFIER = "-025.ApplyouTests";
				PRODUCT_NAME = "$(TARGET_NAME)";
				SWIFT_EMIT_LOC_STRINGS = NO;
				SWIFT_VERSION = 5.0;
				TARGETED_DEVICE_FAMILY = "1,2";
				TEST_HOST = "$(BUILT_PRODUCTS_DIR)/Applyou.app/$(BUNDLE_EXECUTABLE_FOLDER_PATH)/Applyou";
			};
			name = Debug;
		};
		BB4550642E2FDBAC006F0700 /* Release */ = {
			isa = XCBuildConfiguration;
			buildSettings = {
				BUNDLE_LOADER = "$(TEST_HOST)";
				CODE_SIGN_STYLE = Automatic;
				CURRENT_PROJECT_VERSION = 1;
				GENERATE_INFOPLIST_FILE = YES;
				IPHONEOS_DEPLOYMENT_TARGET = 18.5;
				MARKETING_VERSION = 1.0;
				PRODUCT_BUNDLE_IDENTIFIER = "-025.ApplyouTests";
				PRODUCT_NAME = "$(TARGET_NAME)";
				SWIFT_EMIT_LOC_STRINGS = NO;
				SWIFT_VERSION = 5.0;
				TARGETED_DEVICE_FAMILY = "1,2";
				TEST_HOST = "$(BUILT_PRODUCTS_DIR)/Applyou.app/$(BUNDLE_EXECUTABLE_FOLDER_PATH)/Applyou";
			};
			name = Release;
		};
		BB4550662E2FDBAC006F0700 /* Debug */ = {
			isa = XCBuildConfiguration;
			buildSettings = {
				CODE_SIGN_STYLE = Automatic;
				CURRENT_PROJECT_VERSION = 1;
				GENERATE_INFOPLIST_FILE = YES;
				MARKETING_VERSION = 1.0;
				PRODUCT_BUNDLE_IDENTIFIER = "-025.ApplyouUITests";
				PRODUCT_NAME = "$(TARGET_NAME)";
				SWIFT_EMIT_LOC_STRINGS = NO;
				SWIFT_VERSION = 5.0;
				TARGETED_DEVICE_FAMILY = "1,2";
				TEST_TARGET_NAME = Applyou;
			};
			name = Debug;
		};
		BB4550672E2FDBAC006F0700 /* Release */ = {
			isa = XCBuildConfiguration;
			buildSettings = {
				CODE_SIGN_STYLE = Automatic;
				CURRENT_PROJECT_VERSION = 1;
				GENERATE_INFOPLIST_FILE = YES;
				MARKETING_VERSION = 1.0;
				PRODUCT_BUNDLE_IDENTIFIER = "-025.ApplyouUITests";
				PRODUCT_NAME = "$(TARGET_NAME)";
				SWIFT_EMIT_LOC_STRINGS = NO;
				SWIFT_VERSION = 5.0;
				TARGETED_DEVICE_FAMILY = "1,2";
				TEST_TARGET_NAME = Applyou;
			};
			name = Release;
		};
/* End XCBuildConfiguration section */

/* Begin XCConfigurationList section */
		BB4550392E2FDBAB006F0700 /* Build configuration list for PBXProject "Applyou" */ = {
			isa = XCConfigurationList;
			buildConfigurations = (
				BB45505D2E2FDBAC006F0700 /* Debug */,
				BB45505E2E2FDBAC006F0700 /* Release */,
			);
			defaultConfigurationIsVisible = 0;
			defaultConfigurationName = Release;
		};
		BB45505F2E2FDBAC006F0700 /* Build configuration list for PBXNativeTarget "Applyou" */ = {
			isa = XCConfigurationList;
			buildConfigurations = (
				BB4550602E2FDBAC006F0700 /* Debug */,
				BB4550612E2FDBAC006F0700 /* Release */,
			);
			defaultConfigurationIsVisible = 0;
			defaultConfigurationName = Release;
		};
		BB4550622E2FDBAC006F0700 /* Build configuration list for PBXNativeTarget "ApplyouTests" */ = {
			isa = XCConfigurationList;
			buildConfigurations = (
				BB4550632E2FDBAC006F0700 /* Debug */,
				BB4550642E2FDBAC006F0700 /* Release */,
			);
			defaultConfigurationIsVisible = 0;
			defaultConfigurationName = Release;
		};
		BB4550652E2FDBAC006F0700 /* Build configuration list for PBXNativeTarget "ApplyouUITests" */ = {
			isa = XCConfigurationList;
			buildConfigurations = (
				BB4550662E2FDBAC006F0700 /* Debug */,
				BB4550672E2FDBAC006F0700 /* Release */,
			);
			defaultConfigurationIsVisible = 0;
			defaultConfigurationName = Release;
		};
/* End XCConfigurationList section */
	};
	rootObject = BB4550362E2FDBAB006F0700 /* Project object */;
}
